
Microsoft Visual Studio Solution File, Format Version 12.00
# Visual Studio 15
VisualStudioVersion = 15.0.28307.852
MinimumVisualStudioVersion = 10.0.40219.1
Project("{FAE04EC0-301F-11D3-BF4B-00C04F79EFBC}") = "gitDeneme", "gitDeneme\gitDeneme.csproj", "{08E40F8C-9FDF-43F6-8C62-CDBDE37EDB9C}"
EndProject
Global
	GlobalSection(SolutionConfigurationPlatforms) = preSolution
		Debug|Any CPU = Debug|Any CPU
		Release|Any CPU = Release|Any CPU
	EndGlobalSection
	GlobalSection(ProjectConfigurationPlatforms) = postSolution
		{08E40F8C-9FDF-43F6-8C62-CDBDE37EDB9C}.Debug|Any CPU.ActiveCfg = Debug|Any CPU
		{08E40F8C-9FDF-43F6-8C62-CDBDE37EDB9C}.Debug|Any CPU.Build.0 = Debug|Any CPU
		{08E40F8C-9FDF-43F6-8C62-CDBDE37EDB9C}.Release|Any CPU.ActiveCfg = Release|Any CPU
		{08E40F8C-9FDF-43F6-8C62-CDBDE37EDB9C}.Release|Any CPU.Build.0 = Release|Any CPU
	EndGlobalSection
	GlobalSection(SolutionProperties) = preSolution
		HideSolutionNode = FALSE
	EndGlobalSection
	GlobalSection(ExtensibilityGlobals) = postSolution
		SolutionGuid = {A6672076-B3D7-47B9-B120-3C78889E38C0}
	EndGlobalSection
EndGlobal
